
Microsoft Visual Studio Solution File, Format Version 12.00
# Visual Studio Version 16
VisualStudioVersion = 16.0.30413.136
MinimumVisualStudioVersion = 10.0.40219.1
Project("{FAE04EC0-301F-11D3-BF4B-00C04F79EFBC}") = "Eszter_2020.08.19", "Eszter_2020.08.19\Eszter_2020.08.19.csproj", "{A38AE559-4933-4C43-905E-78361503C008}"
EndProject
Global
	GlobalSection(SolutionConfigurationPlatforms) = preSolution
		Debug|Any CPU = Debug|Any CPU
		Release|Any CPU = Release|Any CPU
	EndGlobalSection
	GlobalSection(ProjectConfigurationPlatforms) = postSolution
		{A38AE559-4933-4C43-905E-78361503C008}.Debug|Any CPU.ActiveCfg = Debug|Any CPU
		{A38AE559-4933-4C43-905E-78361503C008}.Debug|Any CPU.Build.0 = Debug|Any CPU
		{A38AE559-4933-4C43-905E-78361503C008}.Release|Any CPU.ActiveCfg = Release|Any CPU
		{A38AE559-4933-4C43-905E-78361503C008}.Release|Any CPU.Build.0 = Release|Any CPU
	EndGlobalSection
	GlobalSection(SolutionProperties) = preSolution
		HideSolutionNode = FALSE
	EndGlobalSection
	GlobalSection(ExtensibilityGlobals) = postSolution
		SolutionGuid = {EED323BA-031C-42FC-8922-5ADBF2A9F16C}
	EndGlobalSection
EndGlobal
